// !$*UTF8*$!
{
	archiveVersion = 1;
	classes = {
	};
	objectVersion = 46;
	objects = {

/* Begin PBXBuildFile section */
		B93169BB1F16069B00415528 /* Podfile in Resources */ = {isa = PBXBuildFile; fileRef = B93169BA1F16069B00415528 /* Podfile */; };
		B9BEADCC1D253B97003303C1 /* main.m in Sources */ = {isa = PBXBuildFile; fileRef = B9BEADCB1D253B97003303C1 /* main.m */; };
		B9BEADCF1D253B97003303C1 /* AppDelegate.m in Sources */ = {isa = PBXBuildFile; fileRef = B9BEADCE1D253B97003303C1 /* AppDelegate.m */; };
		B9BEADD21D253B97003303C1 /* ViewController.m in Sources */ = {isa = PBXBuildFile; fileRef = B9BEADD11D253B97003303C1 /* ViewController.m */; };
		B9BEADD71D253B97003303C1 /* Assets.xcassets in Resources */ = {isa = PBXBuildFile; fileRef = B9BEADD61D253B97003303C1 /* Assets.xcassets */; };
		B9BEADDA1D253B97003303C1 /* LaunchScreen.storyboard in Resources */ = {isa = PBXBuildFile; fileRef = B9BEADD81D253B97003303C1 /* LaunchScreen.storyboard */; };
		B9BEADE51D253B97003303C1 /* VVAppTraceTests.m in Sources */ = {isa = PBXBuildFile; fileRef = B9BEADE41D253B97003303C1 /* VVAppTraceTests.m */; };
		B9DE85A21F6A523600577A7C /* MobileCoreServices.framework in Frameworks */ = {isa = PBXBuildFile; fileRef = B9DE85A11F6A523600577A7C /* MobileCoreServices.framework */; };
		B9DE85A41F6A523D00577A7C /* ImageIO.framework in Frameworks */ = {isa = PBXBuildFile; fileRef = B9DE85A31F6A523D00577A7C /* ImageIO.framework */; };
		B9FFD37222BC7F550066D934 /* VVHook.c in Sources */ = {isa = PBXBuildFile; fileRef = B9FFD36A22BC7F540066D934 /* VVHook.c */; };
		B9FFD37322BC7F550066D934 /* VVTraceImpl.c in Sources */ = {isa = PBXBuildFile; fileRef = B9FFD36E22BC7F540066D934 /* VVTraceImpl.c */; };
		B9FFD37422BC7F550066D934 /* VVLog.c in Sources */ = {isa = PBXBuildFile; fileRef = B9FFD36F22BC7F540066D934 /* VVLog.c */; };
		B9FFD37522BC7F550066D934 /* VVTrace.m in Sources */ = {isa = PBXBuildFile; fileRef = B9FFD37022BC7F540066D934 /* VVTrace.m */; };
		C8C0CEC59F84F9ACC1A9C8B0 /* libPods-VVAppTrace.a in Frameworks */ = {isa = PBXBuildFile; fileRef = 696810A2941924AAFD6D0813 /* libPods-VVAppTrace.a */; };
/* End PBXBuildFile section */

/* Begin PBXContainerItemProxy section */
		B9BEADE11D253B97003303C1 /* PBXContainerItemProxy */ = {
			isa = PBXContainerItemProxy;
			containerPortal = B9BEADBF1D253B97003303C1 /* Project object */;
			proxyType = 1;
			remoteGlobalIDString = B9BEADC61D253B97003303C1;
			remoteInfo = Demo;
		};
/* End PBXContainerItemProxy section */

/* Begin PBXFileReference section */
		0328A1CEAA9021647937493C /* Pods-VVAppTrace.debug.xcconfig */ = {isa = PBXFileReference; includeInIndex = 1; lastKnownFileType = text.xcconfig; name = "Pods-VVAppTrace.debug.xcconfig"; path = "Pods/Target Support Files/Pods-VVAppTrace/Pods-VVAppTrace.debug.xcconfig"; sourceTree = "<group>"; };
		0C93B04B9AAC753151749DC8 /* Pods-Demo.release.xcconfig */ = {isa = PBXFileReference; includeInIndex = 1; lastKnownFileType = text.xcconfig; name = "Pods-Demo.release.xcconfig"; path = "Pods/Target Support Files/Pods-Demo/Pods-Demo.release.xcconfig"; sourceTree = "<group>"; };
		3AAF1C589869FCF59B2C0C55 /* Pods-AppTrace.release.xcconfig */ = {isa = PBXFileReference; includeInIndex = 1; lastKnownFileType = text.xcconfig; name = "Pods-AppTrace.release.xcconfig"; path = "Pods/Target Support Files/Pods-AppTrace/Pods-AppTrace.release.xcconfig"; sourceTree = "<group>"; };
		65B9B7B99358859C2DA4564F /* Pods-VVAppTrace.release.xcconfig */ = {isa = PBXFileReference; includeInIndex = 1; lastKnownFileType = text.xcconfig; name = "Pods-VVAppTrace.release.xcconfig"; path = "Pods/Target Support Files/Pods-VVAppTrace/Pods-VVAppTrace.release.xcconfig"; sourceTree = "<group>"; };
		696810A2941924AAFD6D0813 /* libPods-VVAppTrace.a */ = {isa = PBXFileReference; explicitFileType = archive.ar; includeInIndex = 0; path = "libPods-VVAppTrace.a"; sourceTree = BUILT_PRODUCTS_DIR; };
		B93169BA1F16069B00415528 /* Podfile */ = {isa = PBXFileReference; fileEncoding = 4; lastKnownFileType = text; path = Podfile; sourceTree = "<group>"; xcLanguageSpecificationIdentifier = xcode.lang.ruby; };
		B9BEADC71D253B97003303C1 /* VVAppTrace.app */ = {isa = PBXFileReference; explicitFileType = wrapper.application; includeInIndex = 0; path = VVAppTrace.app; sourceTree = BUILT_PRODUCTS_DIR; };
		B9BEADCB1D253B97003303C1 /* main.m */ = {isa = PBXFileReference; lastKnownFileType = sourcecode.c.objc; path = main.m; sourceTree = "<group>"; };
		B9BEADCD1D253B97003303C1 /* AppDelegate.h */ = {isa = PBXFileReference; lastKnownFileType = sourcecode.c.h; path = AppDelegate.h; sourceTree = "<group>"; };
		B9BEADCE1D253B97003303C1 /* AppDelegate.m */ = {isa = PBXFileReference; lastKnownFileType = sourcecode.c.objc; path = AppDelegate.m; sourceTree = "<group>"; };
		B9BEADD01D253B97003303C1 /* ViewController.h */ = {isa = PBXFileReference; lastKnownFileType = sourcecode.c.h; path = ViewController.h; sourceTree = "<group>"; };
		B9BEADD11D253B97003303C1 /* ViewController.m */ = {isa = PBXFileReference; lastKnownFileType = sourcecode.c.objc; path = ViewController.m; sourceTree = "<group>"; };
		B9BEADD61D253B97003303C1 /* Assets.xcassets */ = {isa = PBXFileReference; lastKnownFileType = folder.assetcatalog; path = Assets.xcassets; sourceTree = "<group>"; };
		B9BEADD91D253B97003303C1 /* Base */ = {isa = PBXFileReference; lastKnownFileType = file.storyboard; name = Base; path = Base.lproj/LaunchScreen.storyboard; sourceTree = "<group>"; };
		B9BEADDB1D253B97003303C1 /* Info.plist */ = {isa = PBXFileReference; lastKnownFileType = text.plist.xml; path = Info.plist; sourceTree = "<group>"; };
		B9BEADE01D253B97003303C1 /* VVAppTraceTests.xctest */ = {isa = PBXFileReference; explicitFileType = wrapper.cfbundle; includeInIndex = 0; path = VVAppTraceTests.xctest; sourceTree = BUILT_PRODUCTS_DIR; };
		B9BEADE41D253B97003303C1 /* VVAppTraceTests.m */ = {isa = PBXFileReference; lastKnownFileType = sourcecode.c.objc; path = VVAppTraceTests.m; sourceTree = "<group>"; };
		B9BEADE61D253B97003303C1 /* Info.plist */ = {isa = PBXFileReference; lastKnownFileType = text.plist.xml; path = Info.plist; sourceTree = "<group>"; };
		B9DE85A11F6A523600577A7C /* MobileCoreServices.framework */ = {isa = PBXFileReference; lastKnownFileType = wrapper.framework; name = MobileCoreServices.framework; path = System/Library/Frameworks/MobileCoreServices.framework; sourceTree = SDKROOT; };
		B9DE85A31F6A523D00577A7C /* ImageIO.framework */ = {isa = PBXFileReference; lastKnownFileType = wrapper.framework; name = ImageIO.framework; path = System/Library/Frameworks/ImageIO.framework; sourceTree = SDKROOT; };
		B9FFD36A22BC7F540066D934 /* VVHook.c */ = {isa = PBXFileReference; fileEncoding = 4; lastKnownFileType = sourcecode.c.c; path = VVHook.c; sourceTree = "<group>"; };
		B9FFD36B22BC7F540066D934 /* VVHook.h */ = {isa = PBXFileReference; fileEncoding = 4; lastKnownFileType = sourcecode.c.h; path = VVHook.h; sourceTree = "<group>"; };
		B9FFD36C22BC7F540066D934 /* VVTrace.h */ = {isa = PBXFileReference; fileEncoding = 4; lastKnownFileType = sourcecode.c.h; path = VVTrace.h; sourceTree = "<group>"; };
		B9FFD36D22BC7F540066D934 /* VVLog.h */ = {isa = PBXFileReference; fileEncoding = 4; lastKnownFileType = sourcecode.c.h; path = VVLog.h; sourceTree = "<group>"; };
		B9FFD36E22BC7F540066D934 /* VVTraceImpl.c */ = {isa = PBXFileReference; fileEncoding = 4; lastKnownFileType = sourcecode.c.c; path = VVTraceImpl.c; sourceTree = "<group>"; };
		B9FFD36F22BC7F540066D934 /* VVLog.c */ = {isa = PBXFileReference; fileEncoding = 4; lastKnownFileType = sourcecode.c.c; path = VVLog.c; sourceTree = "<group>"; };
		B9FFD37022BC7F540066D934 /* VVTrace.m */ = {isa = PBXFileReference; fileEncoding = 4; lastKnownFileType = sourcecode.c.objc; path = VVTrace.m; sourceTree = "<group>"; };
		B9FFD37122BC7F540066D934 /* VVTraceImpl.h */ = {isa = PBXFileReference; fileEncoding = 4; lastKnownFileType = sourcecode.c.h; path = VVTraceImpl.h; sourceTree = "<group>"; };
		D77E7D40B81E7A5863108530 /* Pods-Demo.debug.xcconfig */ = {isa = PBXFileReference; includeInIndex = 1; lastKnownFileType = text.xcconfig; name = "Pods-Demo.debug.xcconfig"; path = "Pods/Target Support Files/Pods-Demo/Pods-Demo.debug.xcconfig"; sourceTree = "<group>"; };
		F2D747F8A17F99C4B61E8F27 /* Pods-AppTrace.debug.xcconfig */ = {isa = PBXFileReference; includeInIndex = 1; lastKnownFileType = text.xcconfig; name = "Pods-AppTrace.debug.xcconfig"; path = "Pods/Target Support Files/Pods-AppTrace/Pods-AppTrace.debug.xcconfig"; sourceTree = "<group>"; };
/* End PBXFileReference section */

/* Begin PBXFrameworksBuildPhase section */
		B9BEADC41D253B97003303C1 /* Frameworks */ = {
			isa = PBXFrameworksBuildPhase;
			buildActionMask = 2147483647;
			files = (
				B9DE85A41F6A523D00577A7C /* ImageIO.framework in Frameworks */,
				B9DE85A21F6A523600577A7C /* MobileCoreServices.framework in Frameworks */,
				C8C0CEC59F84F9ACC1A9C8B0 /* libPods-VVAppTrace.a in Frameworks */,
			);
			runOnlyForDeploymentPostprocessing = 0;
		};
		B9BEADDD1D253B97003303C1 /* Frameworks */ = {
			isa = PBXFrameworksBuildPhase;
			buildActionMask = 2147483647;
			files = (
			);
			runOnlyForDeploymentPostprocessing = 0;
		};
/* End PBXFrameworksBuildPhase section */

/* Begin PBXGroup section */
		09268CC64126FE7E65528C7C /* Frameworks */ = {
			isa = PBXGroup;
			children = (
				B9DE85A31F6A523D00577A7C /* ImageIO.framework */,
				B9DE85A11F6A523600577A7C /* MobileCoreServices.framework */,
				696810A2941924AAFD6D0813 /* libPods-VVAppTrace.a */,
			);
			name = Frameworks;
			sourceTree = "<group>";
		};
		41B641E75737E36121115F77 /* Pods */ = {
			isa = PBXGroup;
			children = (
				D77E7D40B81E7A5863108530 /* Pods-Demo.debug.xcconfig */,
				0C93B04B9AAC753151749DC8 /* Pods-Demo.release.xcconfig */,
				F2D747F8A17F99C4B61E8F27 /* Pods-AppTrace.debug.xcconfig */,
				3AAF1C589869FCF59B2C0C55 /* Pods-AppTrace.release.xcconfig */,
				0328A1CEAA9021647937493C /* Pods-VVAppTrace.debug.xcconfig */,
				65B9B7B99358859C2DA4564F /* Pods-VVAppTrace.release.xcconfig */,
			);
			name = Pods;
			sourceTree = "<group>";
		};
		B9BEADBE1D253B97003303C1 = {
			isa = PBXGroup;
			children = (
				B93169BA1F16069B00415528 /* Podfile */,
				B9BEADC91D253B97003303C1 /* VVAppTrace */,
				B9BEADE31D253B97003303C1 /* VVAppTraceTests */,
				B9BEADC81D253B97003303C1 /* Products */,
				41B641E75737E36121115F77 /* Pods */,
				09268CC64126FE7E65528C7C /* Frameworks */,
			);
			sourceTree = "<group>";
		};
		B9BEADC81D253B97003303C1 /* Products */ = {
			isa = PBXGroup;
			children = (
				B9BEADC71D253B97003303C1 /* VVAppTrace.app */,
				B9BEADE01D253B97003303C1 /* VVAppTraceTests.xctest */,
			);
			name = Products;
			sourceTree = "<group>";
		};
		B9BEADC91D253B97003303C1 /* VVAppTrace */ = {
			isa = PBXGroup;
			children = (
				B9FFD2F422B9DA6C0066D934 /* Source */,
				B9BEADCD1D253B97003303C1 /* AppDelegate.h */,
				B9BEADCE1D253B97003303C1 /* AppDelegate.m */,
				B9BEADD01D253B97003303C1 /* ViewController.h */,
				B9BEADD11D253B97003303C1 /* ViewController.m */,
				B9BEADD61D253B97003303C1 /* Assets.xcassets */,
				B9BEADD81D253B97003303C1 /* LaunchScreen.storyboard */,
				B9BEADDB1D253B97003303C1 /* Info.plist */,
				B9BEADCA1D253B97003303C1 /* Supporting Files */,
			);
			path = VVAppTrace;
			sourceTree = "<group>";
		};
		B9BEADCA1D253B97003303C1 /* Supporting Files */ = {
			isa = PBXGroup;
			children = (
				B9BEADCB1D253B97003303C1 /* main.m */,
			);
			name = "Supporting Files";
			sourceTree = "<group>";
		};
		B9BEADE31D253B97003303C1 /* VVAppTraceTests */ = {
			isa = PBXGroup;
			children = (
				B9BEADE41D253B97003303C1 /* VVAppTraceTests.m */,
				B9BEADE61D253B97003303C1 /* Info.plist */,
			);
			path = VVAppTraceTests;
			sourceTree = "<group>";
		};
		B9FFD2F422B9DA6C0066D934 /* Source */ = {
			isa = PBXGroup;
			children = (
				B9FFD36A22BC7F540066D934 /* VVHook.c */,
				B9FFD36B22BC7F540066D934 /* VVHook.h */,
				B9FFD36F22BC7F540066D934 /* VVLog.c */,
				B9FFD36D22BC7F540066D934 /* VVLog.h */,
				B9FFD36C22BC7F540066D934 /* VVTrace.h */,
				B9FFD37022BC7F540066D934 /* VVTrace.m */,
				B9FFD36E22BC7F540066D934 /* VVTraceImpl.c */,
				B9FFD37122BC7F540066D934 /* VVTraceImpl.h */,
			);
			path = Source;
			sourceTree = "<group>";
		};
/* End PBXGroup section */

/* Begin PBXNativeTarget section */
		B9BEADC61D253B97003303C1 /* VVAppTrace */ = {
			isa = PBXNativeTarget;
			buildConfigurationList = B9BEADE91D253B97003303C1 /* Build configuration list for PBXNativeTarget "VVAppTrace" */;
			buildPhases = (
				9E6813B2A2A8513471C0CE21 /* [CP] Check Pods Manifest.lock */,
				B9BEADC31D253B97003303C1 /* Sources */,
				B9BEADC41D253B97003303C1 /* Frameworks */,
				B9BEADC51D253B97003303C1 /* Resources */,
			);
			buildRules = (
			);
			dependencies = (
			);
			name = VVAppTrace;
			productName = Demo;
			productReference = B9BEADC71D253B97003303C1 /* VVAppTrace.app */;
			productType = "com.apple.product-type.application";
		};
		B9BEADDF1D253B97003303C1 /* VVAppTraceTests */ = {
			isa = PBXNativeTarget;
			buildConfigurationList = B9BEADEC1D253B97003303C1 /* Build configuration list for PBXNativeTarget "VVAppTraceTests" */;
			buildPhases = (
				B9BEADDC1D253B97003303C1 /* Sources */,
				B9BEADDD1D253B97003303C1 /* Frameworks */,
				B9BEADDE1D253B97003303C1 /* Resources */,
			);
			buildRules = (
			);
			dependencies = (
				B9BEADE21D253B97003303C1 /* PBXTargetDependency */,
			);
			name = VVAppTraceTests;
			productName = DemoTests;
			productReference = B9BEADE01D253B97003303C1 /* VVAppTraceTests.xctest */;
			productType = "com.apple.product-type.bundle.unit-test";
		};
/* End PBXNativeTarget section */

/* Begin PBXProject section */
		B9BEADBF1D253B97003303C1 /* Project object */ = {
			isa = PBXProject;
			attributes = {
				LastUpgradeCheck = 1020;
				ORGANIZATIONNAME = Jiangmingz;
				TargetAttributes = {
					B9BEADC61D253B97003303C1 = {
						CreatedOnToolsVersion = 8.0;
						DevelopmentTeam = D8RJFY6RH2;
						DevelopmentTeamName = "Feng Jing";
						ProvisioningStyle = Automatic;
					};
					B9BEADDF1D253B97003303C1 = {
						CreatedOnToolsVersion = 8.0;
						DevelopmentTeam = D8RJFY6RH2;
						DevelopmentTeamName = "Feng Jing";
						ProvisioningStyle = Automatic;
						TestTargetID = B9BEADC61D253B97003303C1;
					};
				};
			};
			buildConfigurationList = B9BEADC21D253B97003303C1 /* Build configuration list for PBXProject "VVAppTrace" */;
			compatibilityVersion = "Xcode 3.2";
			developmentRegion = English;
			hasScannedForEncodings = 0;
			knownRegions = (
				English,
				en,
				Base,
			);
			mainGroup = B9BEADBE1D253B97003303C1;
			productRefGroup = B9BEADC81D253B97003303C1 /* Products */;
			projectDirPath = "";
			projectRoot = "";
			targets = (
				B9BEADC61D253B97003303C1 /* VVAppTrace */,
				B9BEADDF1D253B97003303C1 /* VVAppTraceTests */,
			);
		};
/* End PBXProject section */

/* Begin PBXResourcesBuildPhase section */
		B9BEADC51D253B97003303C1 /* Resources */ = {
			isa = PBXResourcesBuildPhase;
			buildActionMask = 2147483647;
			files = (
				B93169BB1F16069B00415528 /* Podfile in Resources */,
				B9BEADDA1D253B97003303C1 /* LaunchScreen.storyboard in Resources */,
				B9BEADD71D253B97003303C1 /* Assets.xcassets in Resources */,
			);
			runOnlyForDeploymentPostprocessing = 0;
		};
		B9BEADDE1D253B97003303C1 /* Resources */ = {
			isa = PBXResourcesBuildPhase;
			buildActionMask = 2147483647;
			files = (
			);
			runOnlyForDeploymentPostprocessing = 0;
		};
/* End PBXResourcesBuildPhase section */

/* Begin PBXShellScriptBuildPhase section */
		9E6813B2A2A8513471C0CE21 /* [CP] Check Pods Manifest.lock */ = {
			isa = PBXShellScriptBuildPhase;
			buildActionMask = 2147483647;
			files = (
			);
			inputPaths = (
				"${PODS_PODFILE_DIR_PATH}/Podfile.lock",
				"${PODS_ROOT}/Manifest.lock",
			);
			name = "[CP] Check Pods Manifest.lock";
			outputPaths = (
				"$(DERIVED_FILE_DIR)/Pods-VVAppTrace-checkManifestLockResult.txt",
			);
			runOnlyForDeploymentPostprocessing = 0;
			shellPath = /bin/sh;
			shellScript = "diff \"${PODS_PODFILE_DIR_PATH}/Podfile.lock\" \"${PODS_ROOT}/Manifest.lock\" > /dev/null\nif [ $? != 0 ] ; then\n    # print error to STDERR\n    echo \"error: The sandbox is not in sync with the Podfile.lock. Run 'pod install' or update your CocoaPods installation.\" >&2\n    exit 1\nfi\n# This output is used by Xcode 'outputs' to avoid re-running this script phase.\necho \"SUCCESS\" > \"${SCRIPT_OUTPUT_FILE_0}\"\n";
			showEnvVarsInLog = 0;
		};
/* End PBXShellScriptBuildPhase section */

/* Begin PBXSourcesBuildPhase section */
		B9BEADC31D253B97003303C1 /* Sources */ = {
			isa = PBXSourcesBuildPhase;
			buildActionMask = 2147483647;
			files = (
				B9FFD37422BC7F550066D934 /* VVLog.c in Sources */,
				B9FFD37322BC7F550066D934 /* VVTraceImpl.c in Sources */,
				B9FFD37522BC7F550066D934 /* VVTrace.m in Sources */,
				B9FFD37222BC7F550066D934 /* VVHook.c in Sources */,
				B9BEADD21D253B97003303C1 /* ViewController.m in Sources */,
				B9BEADCF1D253B97003303C1 /* AppDelegate.m in Sources */,
				B9BEADCC1D253B97003303C1 /* main.m in Sources */,
			);
			runOnlyForDeploymentPostprocessing = 0;
		};
		B9BEADDC1D253B97003303C1 /* Sources */ = {
			isa = PBXSourcesBuildPhase;
			buildActionMask = 2147483647;
			files = (
				B9BEADE51D253B97003303C1 /* VVAppTraceTests.m in Sources */,
			);
			runOnlyForDeploymentPostprocessing = 0;
		};
/* End PBXSourcesBuildPhase section */

/* Begin PBXTargetDependency section */
		B9BEADE21D253B97003303C1 /* PBXTargetDependency */ = {
			isa = PBXTargetDependency;
			target = B9BEADC61D253B97003303C1 /* VVAppTrace */;
			targetProxy = B9BEADE11D253B97003303C1 /* PBXContainerItemProxy */;
		};
/* End PBXTargetDependency section */

/* Begin PBXVariantGroup section */
		B9BEADD81D253B97003303C1 /* LaunchScreen.storyboard */ = {
			isa = PBXVariantGroup;
			children = (
				B9BEADD91D253B97003303C1 /* Base */,
			);
			name = LaunchScreen.storyboard;
			sourceTree = "<group>";
		};
/* End PBXVariantGroup section */

/* Begin XCBuildConfiguration section */
		B9BEADE71D253B97003303C1 /* Debug */ = {
			isa = XCBuildConfiguration;
			buildSettings = {
				ALWAYS_SEARCH_USER_PATHS = NO;
				CLANG_ANALYZER_LOCALIZABILITY_NONLOCALIZED = YES;
				CLANG_ANALYZER_NONNULL = YES;
				CLANG_CXX_LANGUAGE_STANDARD = "gnu++0x";
				CLANG_CXX_LIBRARY = "libc++";
				CLANG_ENABLE_MODULES = YES;
				CLANG_ENABLE_OBJC_ARC = YES;
				CLANG_WARN_BLOCK_CAPTURE_AUTORELEASING = YES;
				CLANG_WARN_BOOL_CONVERSION = YES;
				CLANG_WARN_COMMA = YES;
				CLANG_WARN_CONSTANT_CONVERSION = YES;
				CLANG_WARN_DEPRECATED_OBJC_IMPLEMENTATIONS = YES;
				CLANG_WARN_DIRECT_OBJC_ISA_USAGE = YES_ERROR;
				CLANG_WARN_DOCUMENTATION_COMMENTS = YES;
				CLANG_WARN_EMPTY_BODY = YES;
				CLANG_WARN_ENUM_CONVERSION = YES;
				CLANG_WARN_INFINITE_RECURSION = YES;
				CLANG_WARN_INT_CONVERSION = YES;
				CLANG_WARN_NON_LITERAL_NULL_CONVERSION = YES;
				CLANG_WARN_OBJC_IMPLICIT_RETAIN_SELF = YES;
				CLANG_WARN_OBJC_LITERAL_CONVERSION = YES;
				CLANG_WARN_OBJC_ROOT_CLASS = YES_ERROR;
				CLANG_WARN_RANGE_LOOP_ANALYSIS = YES;
				CLANG_WARN_STRICT_PROTOTYPES = YES;
				CLANG_WARN_SUSPICIOUS_MOVE = YES;
				CLANG_WARN_UNREACHABLE_CODE = YES;
				CLANG_WARN__DUPLICATE_METHOD_MATCH = YES;
				"CODE_SIGN_IDENTITY[sdk=iphoneos*]" = "iPhone Developer";
				COPY_PHASE_STRIP = NO;
				DEBUG_INFORMATION_FORMAT = dwarf;
				ENABLE_STRICT_OBJC_MSGSEND = YES;
				ENABLE_TESTABILITY = YES;
				GCC_C_LANGUAGE_STANDARD = gnu99;
				GCC_DYNAMIC_NO_PIC = NO;
				GCC_NO_COMMON_BLOCKS = YES;
				GCC_OPTIMIZATION_LEVEL = 0;
				GCC_PREPROCESSOR_DEFINITIONS = (
					"DEBUG=1",
					"$(inherited)",
				);
				GCC_WARN_64_TO_32_BIT_CONVERSION = YES;
				GCC_WARN_ABOUT_RETURN_TYPE = YES_ERROR;
				GCC_WARN_UNDECLARED_SELECTOR = YES;
				GCC_WARN_UNINITIALIZED_AUTOS = YES_AGGRESSIVE;
				GCC_WARN_UNUSED_FUNCTION = YES;
				GCC_WARN_UNUSED_VARIABLE = YES;
				IPHONEOS_DEPLOYMENT_TARGET = 10.0;
				MTL_ENABLE_DEBUG_INFO = YES;
				ONLY_ACTIVE_ARCH = YES;
				SDKROOT = iphoneos;
			};
			name = Debug;
		};
		B9BEADE81D253B97003303C1 /* Release */ = {
			isa = XCBuildConfiguration;
			buildSettings = {
				ALWAYS_SEARCH_USER_PATHS = NO;
				CLANG_ANALYZER_LOCALIZABILITY_NONLOCALIZED = YES;
				CLANG_ANALYZER_NONNULL = YES;
				CLANG_CXX_LANGUAGE_STANDARD = "gnu++0x";
				CLANG_CXX_LIBRARY = "libc++";
				CLANG_ENABLE_MODULES = YES;
				CLANG_ENABLE_OBJC_ARC = YES;
				CLANG_WARN_BLOCK_CAPTURE_AUTORELEASING = YES;
				CLANG_WARN_BOOL_CONVERSION = YES;
				CLANG_WARN_COMMA = YES;
				CLANG_WARN_CONSTANT_CONVERSION = YES;
				CLANG_WARN_DEPRECATED_OBJC_IMPLEMENTATIONS = YES;
				CLANG_WARN_DIRECT_OBJC_ISA_USAGE = YES_ERROR;
				CLANG_WARN_DOCUMENTATION_COMMENTS = YES;
				CLANG_WARN_EMPTY_BODY = YES;
				CLANG_WARN_ENUM_CONVERSION = YES;
				CLANG_WARN_INFINITE_RECURSION = YES;
				CLANG_WARN_INT_CONVERSION = YES;
				CLANG_WARN_NON_LITERAL_NULL_CONVERSION = YES;
				CLANG_WARN_OBJC_IMPLICIT_RETAIN_SELF = YES;
				CLANG_WARN_OBJC_LITERAL_CONVERSION = YES;
				CLANG_WARN_OBJC_ROOT_CLASS = YES_ERROR;
				CLANG_WARN_RANGE_LOOP_ANALYSIS = YES;
				CLANG_WARN_STRICT_PROTOTYPES = YES;
				CLANG_WARN_SUSPICIOUS_MOVE = YES;
				CLANG_WARN_UNREACHABLE_CODE = YES;
				CLANG_WARN__DUPLICATE_METHOD_MATCH = YES;
				"CODE_SIGN_IDENTITY[sdk=iphoneos*]" = "iPhone Developer";
				COPY_PHASE_STRIP = NO;
				DEBUG_INFORMATION_FORMAT = "dwarf-with-dsym";
				ENABLE_NS_ASSERTIONS = NO;
				ENABLE_STRICT_OBJC_MSGSEND = YES;
				GCC_C_LANGUAGE_STANDARD = gnu99;
				GCC_NO_COMMON_BLOCKS = YES;
				GCC_WARN_64_TO_32_BIT_CONVERSION = YES;
				GCC_WARN_ABOUT_RETURN_TYPE = YES_ERROR;
				GCC_WARN_UNDECLARED_SELECTOR = YES;
				GCC_WARN_UNINITIALIZED_AUTOS = YES_AGGRESSIVE;
				GCC_WARN_UNUSED_FUNCTION = YES;
				GCC_WARN_UNUSED_VARIABLE = YES;
				IPHONEOS_DEPLOYMENT_TARGET = 10.0;
				MTL_ENABLE_DEBUG_INFO = NO;
				SDKROOT = iphoneos;
				VALIDATE_PRODUCT = YES;
			};
			name = Release;
		};
		B9BEADEA1D253B97003303C1 /* Debug */ = {
			isa = XCBuildConfiguration;
			baseConfigurationReference = 0328A1CEAA9021647937493C /* Pods-VVAppTrace.debug.xcconfig */;
			buildSettings = {
				ASSETCATALOG_COMPILER_APPICON_NAME = AppIcon;
				INFOPLIST_FILE = "$(SRCROOT)/VVAppTrace/Info.plist";
				IPHONEOS_DEPLOYMENT_TARGET = 8.0;
				LD_RUNPATH_SEARCH_PATHS = "$(inherited) @executable_path/Frameworks";
				PRODUCT_BUNDLE_IDENTIFIER = waqu.com.VVAppTrace;
				PRODUCT_NAME = "$(TARGET_NAME)";
			};
			name = Debug;
		};
		B9BEADEB1D253B97003303C1 /* Release */ = {
			isa = XCBuildConfiguration;
			baseConfigurationReference = 65B9B7B99358859C2DA4564F /* Pods-VVAppTrace.release.xcconfig */;
			buildSettings = {
				ASSETCATALOG_COMPILER_APPICON_NAME = AppIcon;
				INFOPLIST_FILE = "$(SRCROOT)/VVAppTrace/Info.plist";
				IPHONEOS_DEPLOYMENT_TARGET = 8.0;
				LD_RUNPATH_SEARCH_PATHS = "$(inherited) @executable_path/Frameworks";
				PRODUCT_BUNDLE_IDENTIFIER = waqu.com.VVAppTrace;
				PRODUCT_NAME = "$(TARGET_NAME)";
			};
			name = Release;
		};
		B9BEADED1D253B97003303C1 /* Debug */ = {
			isa = XCBuildConfiguration;
			buildSettings = {
				BUNDLE_LOADER = "$(TEST_HOST)";
				INFOPLIST_FILE = AppTraceTests/Info.plist;
				LD_RUNPATH_SEARCH_PATHS = "$(inherited) @executable_path/Frameworks @loader_path/Frameworks";
				PRODUCT_BUNDLE_IDENTIFIER = waqu.com.VVAppTraceTests;
				PRODUCT_NAME = "$(TARGET_NAME)";
				TEST_HOST = "$(BUILT_PRODUCTS_DIR)/VVAppTrace.app/VVAppTrace";
			};
			name = Debug;
		};
		B9BEADEE1D253B97003303C1 /* Release */ = {
			isa = XCBuildConfiguration;
			buildSettings = {
				BUNDLE_LOADER = "$(TEST_HOST)";
				INFOPLIST_FILE = AppTraceTests/Info.plist;
				LD_RUNPATH_SEARCH_PATHS = "$(inherited) @executable_path/Frameworks @loader_path/Frameworks";
				PRODUCT_BUNDLE_IDENTIFIER = waqu.com.VVAppTraceTests;
				PRODUCT_NAME = "$(TARGET_NAME)";
				TEST_HOST = "$(BUILT_PRODUCTS_DIR)/VVAppTrace.app/VVAppTrace";
			};
			name = Release;
		};
/* End XCBuildConfiguration section */

/* Begin XCConfigurationList section */
		B9BEADC21D253B97003303C1 /* Build configuration list for PBXProject "VVAppTrace" */ = {
			isa = XCConfigurationList;
			buildConfigurations = (
				B9BEADE71D253B97003303C1 /* Debug */,
				B9BEADE81D253B97003303C1 /* Release */,
			);
			defaultConfigurationIsVisible = 0;
			defaultConfigurationName = Release;
		};
		B9BEADE91D253B97003303C1 /* Build configuration list for PBXNativeTarget "VVAppTrace" */ = {
			isa = XCConfigurationList;
			buildConfigurations = (
				B9BEADEA1D253B97003303C1 /* Debug */,
				B9BEADEB1D253B97003303C1 /* Release */,
			);
			defaultConfigurationIsVisible = 0;
			defaultConfigurationName = Release;
		};
		B9BEADEC1D253B97003303C1 /* Build configuration list for PBXNativeTarget "VVAppTraceTests" */ = {
			isa = XCConfigurationList;
			buildConfigurations = (
				B9BEADED1D253B97003303C1 /* Debug */,
				B9BEADEE1D253B97003303C1 /* Release */,
			);
			defaultConfigurationIsVisible = 0;
			defaultConfigurationName = Release;
		};
/* End XCConfigurationList section */
	};
	rootObject = B9BEADBF1D253B97003303C1 /* Project object */;
}
